{
  "name": "@lamvinh/ckeditor5-build-classic",
  "version": "21.0.0",
  "lockfileVersion": 1,
  "requires": true,
  "dependencies": {
    "@lamquangvinh8888/custom-ck": {
      "version": "0.0.1",
      "resolved": "https://registry.npmjs.org/@lamquangvinh8888/custom-ck/-/custom-ck-0.0.1.tgz",
      "integrity": "sha512-87IXpFo19679YTpLdUY+7eYbFSusySIWxoDgyVgJl8g0sZMOAm1yYoeQLntTGzIYfrKuEK4+ywb5f1su5Hn2mQ=="
    }
  }
}
